{
  "name": "vad-backend",
  "version": "1.0.0",
  "lockfileVersion": 3,
  "requires": true,
  "packages": {
    "": {
      "name": "vad-backend",
      "version": "1.0.0",
      "dependencies": {
        "@fastify/cors": "^9.0.1",
        "@fastify/multipart": "^8.2.0",
        "bullmq": "^5.7.8",
        "fastify": "^4.26.2",
        "ioredis": "^5.3.2",
        "minio": "^7.1.3",
        "pg": "^8.11.3"
      }
    },
    "node_modules/@fastify/ajv-compiler": {
      "version": "3.6.0",
      "license": "MIT",
      "dependencies": {
        "ajv": "^8.11.0",
        "ajv-formats": "^2.1.1",
        "fast-uri": "^2.0.0"
      }
    },
    "node_modules/@fastify/busboy": {
      "version": "3.2.1",
      "license": "MIT"
    },
    "node_modules/@fastify/cors": {
      "version": "9.0.1",
      "license": "MIT",
      "dependencies": {
        "fastify-plugin": "^4.0.0",
        "mnemonist": "0.39.6"
      }
    },
    "node_modules/@fastify/deepmerge": {
      "version": "2.0.2",
      "funding": [
        {
          "type": "github",
          "url": "https://github.com/sponsors/fastify"
        },
        {
          "type": "opencollective",
          "url": "https://opencollective.com/fastify"
        }
      ],
      "license": "MIT"
    },
    "node_modules/@fastify/error": {
      "version": "4.2.0",
      "funding": [
        {
          "type": "github",
          "url": "https://github.com/sponsors/fastify"
        },
        {
          "type": "opencollective",
          "url": "https://opencollective.com/fastify"
        }
      ],
      "license": "MIT"
    },
    "node_modules/@fastify/fast-json-stringify-compiler": {
      "version": "4.3.0",
      "license": "MIT",
      "dependencies": {
        "fast-json-stringify": "^5.7.0"
      }
    },
    "node_modules/@fastify/merge-json-schemas": {
      "version": "0.1.1",
      "license": "MIT",
      "dependencies": {
        "fast-deep-equal": "^3.1.3"
      }
    },
    "node_modules/@fastify/multipart": {
      "version": "8.3.1",
      "license": "MIT",
      "dependencies": {
        "@fastify/busboy": "^3.0.0",
        "@fastify/deepmerge": "^2.0.0",
        "@fastify/error": "^4.0.0",
        "fastify-plugin": "^4.0.0",
        "secure-json-parse": "^2.4.0",
        "stream-wormhole": "^1.1.0"
      }
    },
    "node_modules/@ioredis/commands": {
      "version": "1.10.0",
      "license": "MIT"
    },
    "node_modules/@msgpackr-extract/msgpackr-extract-linux-x64": {
      "version": "3.0.4",
      "cpu": [
        "x64"
      ],
      "license": "MIT",
      "optional": true,
      "os": [
        "linux"
      ]
    },
    "node_modules/@pinojs/redact": {
      "version": "0.4.0",
      "license": "MIT"
    },
    "node_modules/@zxing/text-encoding": {
      "version": "0.9.0",
      "license": "(Unlicense OR Apache-2.0)",
      "optional": true
    },
    "node_modules/abstract-logging": {
      "version": "2.0.1",
      "license": "MIT"
    },
    "node_modules/ajv": {
      "version": "8.20.0",
      "license": "MIT",
      "dependencies": {
        "fast-deep-equal": "^3.1.3",
        "fast-uri": "^3.0.1",
        "json-schema-traverse": "^1.0.0",
        "require-from-string": "^2.0.2"
      },
      "funding": {
        "type": "github",
        "url": "https://github.com/sponsors/epoberezkin"
      }
    },
    "node_modules/ajv-formats": {
      "version": "2.1.1",
      "license": "MIT",
      "dependencies": {
        "ajv": "^8.0.0"
      },
      "peerDependencies": {
        "ajv": "^8.0.0"
      },
      "peerDependenciesMeta": {
        "ajv": {
          "optional": true
        }
      }
    },
    "node_modules/ajv/node_modules/fast-uri": {
      "version": "3.1.5",
      "funding": [
        {
          "type": "github",
          "url": "https://github.com/sponsors/fastify"
        },
        {
          "type": "opencollective",
          "url": "https://opencollective.com/fastify"
        }
      ],
      "license": "BSD-3-Clause"
    },
    "node_modules/async": {
      "version": "3.2.6",
      "license": "MIT"
    },
    "node_modules/atomic-sleep": {
      "version": "1.0.0",
      "license": "MIT",
      "engines": {
        "node": ">=8.0.0"
      }
    },
    "node_modules/available-typed-arrays": {
      "version": "1.0.7",
      "license": "MIT",
      "dependencies": {
        "possible-typed-array-names": "^1.0.0"
      },
      "engines": {
        "node": ">= 0.4"
      },
      "funding": {
        "url": "https://github.com/sponsors/ljharb"
      }
    },
    "node_modules/avvio": {
      "version": "8.4.0",
      "license": "MIT",
      "dependencies": {
        "@fastify/error": "^3.3.0",
        "fastq": "^1.17.1"
      }
    },
    "node_modules/avvio/node_modules/@fastify/error": {
      "version": "3.4.1",
      "license": "MIT"
    },
    "node_modules/block-stream2": {
      "version": "2.1.0",
      "license": "MIT",
      "dependencies": {
        "readable-stream": "^3.4.0"
      }
    },
    "node_modules/browser-or-node": {
      "version": "2.1.1",
      "license": "MIT"
    },
    "node_modules/buffer-crc32": {
      "version": "0.2.13",
      "license": "MIT",
      "engines": {
        "node": "*"
      }
    },
    "node_modules/bullmq": {
      "version": "5.81.3",
      "license": "MIT",
      "dependencies": {
        "cron-parser": "4.9.0",
        "ioredis": "5.11.1",
        "msgpackr": "2.0.5",
        "node-abort-controller": "3.1.1",
        "semver": "7.8.5",
        "tslib": "2.8.1"
      },
      "engines": {
        "node": ">=12.22.0"
      },
      "peerDependencies": {
        "redis": ">=5.0.0"
      },
      "peerDependenciesMeta": {
        "redis": {
          "optional": true
        }
      }
    },
    "node_modules/call-bind": {
      "version": "1.0.9",
      "license": "MIT",
      "dependencies": {
        "call-bind-apply-helpers": "^1.0.2",
        "es-define-property": "^1.0.1",
        "get-intrinsic": "^1.3.0",
        "set-function-length": "^1.2.2"
      },
      "engines": {
        "node": ">= 0.4"
      },
      "funding": {
        "url": "https://github.com/sponsors/ljharb"
      }
    },
    "node_modules/call-bind-apply-helpers": {
      "version": "1.0.2",
      "license": "MIT",
      "dependencies": {
        "es-errors": "^1.3.0",
        "function-bind": "^1.1.2"
      },
      "engines": {
        "node": ">= 0.4"
      }
    },
    "node_modules/call-bound": {
      "version": "1.0.4",
      "license": "MIT",
      "dependencies": {
        "call-bind-apply-helpers": "^1.0.2",
        "get-intrinsic": "^1.3.0"
      },
      "engines": {
        "node": ">= 0.4"
      },
      "funding": {
        "url": "https://github.com/sponsors/ljharb"
      }
    },
    "node_modules/cluster-key-slot": {
      "version": "1.1.1",
      "license": "Apache-2.0",
      "engines": {
        "node": ">=0.10.0"
      }
    },
    "node_modules/cookie": {
      "version": "0.7.2",
      "license": "MIT",
      "engines": {
        "node": ">= 0.6"
      }
    },
    "node_modules/cron-parser": {
      "version": "4.9.0",
      "license": "MIT",
      "dependencies": {
        "luxon": "^3.2.1"
      },
      "engines": {
        "node": ">=12.0.0"
      }
    },
    "node_modules/debug": {
      "version": "4.4.3",
      "license": "MIT",
      "dependencies": {
        "ms": "^2.1.3"
      },
      "engines": {
        "node": ">=6.0"
      },
      "peerDependenciesMeta": {
        "supports-color": {
          "optional": true
        }
      }
    },
    "node_modules/decode-uri-component": {
      "version": "0.2.2",
      "license": "MIT",
      "engines": {
        "node": ">=0.10"
      }
    },
    "node_modules/define-data-property": {
      "version": "1.1.4",
      "license": "MIT",
      "dependencies": {
        "es-define-property": "^1.0.0",
        "es-errors": "^1.3.0",
        "gopd": "^1.0.1"
      },
      "engines": {
        "node": ">= 0.4"
      },
      "funding": {
        "url": "https://github.com/sponsors/ljharb"
      }
    },
    "node_modules/denque": {
      "version": "2.1.0",
      "license": "Apache-2.0",
      "engines": {
        "node": ">=0.10"
      }
    },
    "node_modules/detect-libc": {
      "version": "2.1.2",
      "license": "Apache-2.0",
      "optional": true,
      "engines": {
        "node": ">=8"
      }
    },
    "node_modules/dunder-proto": {
      "version": "1.0.1",
      "license": "MIT",
      "dependencies": {
        "call-bind-apply-helpers": "^1.0.1",
        "es-errors": "^1.3.0",
        "gopd": "^1.2.0"
      },
      "engines": {
        "node": ">= 0.4"
      }
    },
    "node_modules/es-define-property": {
      "version": "1.0.1",
      "license": "MIT",
      "engines": {
        "node": ">= 0.4"
      }
    },
    "node_modules/es-errors": {
      "version": "1.3.0",
      "license": "MIT",
      "engines": {
        "node": ">= 0.4"
      }
    },
    "node_modules/es-object-atoms": {
      "version": "1.1.2",
      "license": "MIT",
      "dependencies": {
        "es-errors": "^1.3.0"
      },
      "engines": {
        "node": ">= 0.4"
      }
    },
    "node_modules/fast-content-type-parse": {
      "version": "1.1.0",
      "license": "MIT"
    },
    "node_modules/fast-decode-uri-component": {
      "version": "1.0.1",
      "license": "MIT"
    },
    "node_modules/fast-deep-equal": {
      "version": "3.1.3",
      "license": "MIT"
    },
    "node_modules/fast-json-stringify": {
      "version": "5.16.1",
      "license": "MIT",
      "dependencies": {
        "@fastify/merge-json-schemas": "^0.1.0",
        "ajv": "^8.10.0",
        "ajv-formats": "^3.0.1",
        "fast-deep-equal": "^3.1.3",
        "fast-uri": "^2.1.0",
        "json-schema-ref-resolver": "^1.0.1",
        "rfdc": "^1.2.0"
      }
    },
    "node_modules/fast-json-stringify/node_modules/ajv-formats": {
      "version": "3.0.1",
      "license": "MIT",
      "dependencies": {
        "ajv": "^8.0.0"
      },
      "peerDependencies": {
        "ajv": "^8.0.0"
      },
      "peerDependenciesMeta": {
        "ajv": {
          "optional": true
        }
      }
    },
    "node_modules/fast-querystring": {
      "version": "1.1.2",
      "license": "MIT",
      "dependencies": {
        "fast-decode-uri-component": "^1.0.1"
      }
    },
    "node_modules/fast-uri": {
      "version": "2.4.4",
      "license": "MIT"
    },
    "node_modules/fast-xml-parser": {
      "version": "4.5.7",
      "funding": [
        {
          "type": "github",
          "url": "https://github.com/sponsors/NaturalIntelligence"
        }
      ],
      "license": "MIT",
      "dependencies": {
        "strnum": "^1.0.5"
      },
      "bin": {
        "fxparser": "src/cli/cli.js"
      }
    },
    "node_modules/fastify": {
      "version": "4.29.1",
      "funding": [
        {
          "type": "github",
          "url": "https://github.com/sponsors/fastify"
        },
        {
          "type": "opencollective",
          "url": "https://opencollective.com/fastify"
        }
      ],
      "license": "MIT",
      "dependencies": {
        "@fastify/ajv-compiler": "^3.5.0",
        "@fastify/error": "^3.4.0",
        "@fastify/fast-json-stringify-compiler": "^4.3.0",
        "abstract-logging": "^2.0.1",
        "avvio": "^8.3.0",
        "fast-content-type-parse": "^1.1.0",
        "fast-json-stringify": "^5.8.0",
        "find-my-way": "^8.0.0",
        "light-my-request": "^5.11.0",
        "pino": "^9.0.0",
        "process-warning": "^3.0.0",
        "proxy-addr": "^2.0.7",
        "rfdc": "^1.3.0",
        "secure-json-parse": "^2.7.0",
        "semver": "^7.5.4",
        "toad-cache": "^3.3.0"
      }
    },
    "node_modules/fastify-plugin": {
      "version": "4.5.1",
      "license": "MIT"
    },
    "node_modules/fastify/node_modules/@fastify/error": {
      "version": "3.4.1",
      "license": "MIT"
    },
    "node_modules/fastq": {
      "version": "1.20.1",
      "license": "ISC",
      "dependencies": {
        "reusify": "^1.0.4"
      }
    },
    "node_modules/filter-obj": {
      "version": "1.1.0",
      "license": "MIT",
      "engines": {
        "node": ">=0.10.0"
      }
    },
    "node_modules/find-my-way": {
      "version": "8.2.2",
      "license": "MIT",
      "dependencies": {
        "fast-deep-equal": "^3.1.3",
        "fast-querystring": "^1.0.0",
        "safe-regex2": "^3.1.0"
      },
      "engines": {
        "node": ">=14"
      }
    },
    "node_modules/for-each": {
      "version": "0.3.5",
      "license": "MIT",
      "dependencies": {
        "is-callable": "^1.2.7"
      },
      "engines": {
        "node": ">= 0.4"
      },
      "funding": {
        "url": "https://github.com/sponsors/ljharb"
      }
    },
    "node_modules/forwarded": {
      "version": "0.2.0",
      "license": "MIT",
      "engines": {
        "node": ">= 0.6"
      }
    },
    "node_modules/function-bind": {
      "version": "1.1.2",
      "license": "MIT",
      "funding": {
        "url": "https://github.com/sponsors/ljharb"
      }
    },
    "node_modules/generator-function": {
      "version": "2.0.1",
      "license": "MIT",
      "engines": {
        "node": ">= 0.4"
      }
    },
    "node_modules/get-intrinsic": {
      "version": "1.3.0",
      "license": "MIT",
      "dependencies": {
        "call-bind-apply-helpers": "^1.0.2",
        "es-define-property": "^1.0.1",
        "es-errors": "^1.3.0",
        "es-object-atoms": "^1.1.1",
        "function-bind": "^1.1.2",
        "get-proto": "^1.0.1",
        "gopd": "^1.2.0",
        "has-symbols": "^1.1.0",
        "hasown": "^2.0.2",
        "math-intrinsics": "^1.1.0"
      },
      "engines": {
        "node": ">= 0.4"
      },
      "funding": {
        "url": "https://github.com/sponsors/ljharb"
      }
    },
    "node_modules/get-proto": {
      "version": "1.0.1",
      "license": "MIT",
      "dependencies": {
        "dunder-proto": "^1.0.1",
        "es-object-atoms": "^1.0.0"
      },
      "engines": {
        "node": ">= 0.4"
      }
    },
    "node_modules/gopd": {
      "version": "1.2.0",
      "license": "MIT",
      "engines": {
        "node": ">= 0.4"
      },
      "funding": {
        "url": "https://github.com/sponsors/ljharb"
      }
    },
    "node_modules/has-property-descriptors": {
      "version": "1.0.2",
      "license": "MIT",
      "dependencies": {
        "es-define-property": "^1.0.0"
      },
      "funding": {
        "url": "https://github.com/sponsors/ljharb"
      }
    },
    "node_modules/has-symbols": {
      "version": "1.1.0",
      "license": "MIT",
      "engines": {
        "node": ">= 0.4"
      },
      "funding": {
        "url": "https://github.com/sponsors/ljharb"
      }
    },
    "node_modules/has-tostringtag": {
      "version": "1.0.2",
      "license": "MIT",
      "dependencies": {
        "has-symbols": "^1.0.3"
      },
      "engines": {
        "node": ">= 0.4"
      },
      "funding": {
        "url": "https://github.com/sponsors/ljharb"
      }
    },
    "node_modules/hasown": {
      "version": "2.0.4",
      "license": "MIT",
      "dependencies": {
        "function-bind": "^1.1.2"
      },
      "engines": {
        "node": ">= 0.4"
      }
    },
    "node_modules/inherits": {
      "version": "2.0.4",
      "license": "ISC"
    },
    "node_modules/ioredis": {
      "version": "5.11.1",
      "license": "MIT",
      "dependencies": {
        "@ioredis/commands": "1.10.0",
        "cluster-key-slot": "1.1.1",
        "debug": "4.4.3",
        "denque": "2.1.0",
        "redis-errors": "1.2.0",
        "redis-parser": "3.0.0",
        "standard-as-callback": "2.1.0"
      },
      "engines": {
        "node": ">=12.22.0"
      },
      "funding": {
        "type": "opencollective",
        "url": "https://opencollective.com/ioredis"
      }
    },
    "node_modules/ipaddr.js": {
      "version": "2.5.0",
      "license": "MIT",
      "engines": {
        "node": ">= 10"
      }
    },
    "node_modules/is-arguments": {
      "version": "1.2.0",
      "license": "MIT",
      "dependencies": {
        "call-bound": "^1.0.2",
        "has-tostringtag": "^1.0.2"
      },
      "engines": {
        "node": ">= 0.4"
      },
      "funding": {
        "url": "https://github.com/sponsors/ljharb"
      }
    },
    "node_modules/is-callable": {
      "version": "1.2.7",
      "license": "MIT",
      "engines": {
        "node": ">= 0.4"
      },
      "funding": {
        "url": "https://github.com/sponsors/ljharb"
      }
    },
    "node_modules/is-generator-function": {
      "version": "1.1.2",
      "license": "MIT",
      "dependencies": {
        "call-bound": "^1.0.4",
        "generator-function": "^2.0.0",
        "get-proto": "^1.0.1",
        "has-tostringtag": "^1.0.2",
        "safe-regex-test": "^1.1.0"
      },
      "engines": {
        "node": ">= 0.4"
      },
      "funding": {
        "url": "https://github.com/sponsors/ljharb"
      }
    },
    "node_modules/is-regex": {
      "version": "1.2.1",
      "license": "MIT",
      "dependencies": {
        "call-bound": "^1.0.2",
        "gopd": "^1.2.0",
        "has-tostringtag": "^1.0.2",
        "hasown": "^2.0.2"
      },
      "engines": {
        "node": ">= 0.4"
      },
      "funding": {
        "url": "https://github.com/sponsors/ljharb"
      }
    },
    "node_modules/is-typed-array": {
      "version": "1.1.15",
      "license": "MIT",
      "dependencies": {
        "which-typed-array": "^1.1.16"
      },
      "engines": {
        "node": ">= 0.4"
      },
      "funding": {
        "url": "https://github.com/sponsors/ljharb"
      }
    },
    "node_modules/json-schema-ref-resolver": {
      "version": "1.0.1",
      "license": "MIT",
      "dependencies": {
        "fast-deep-equal": "^3.1.3"
      }
    },
    "node_modules/json-schema-traverse": {
      "version": "1.0.0",
      "license": "MIT"
    },
    "node_modules/json-stream": {
      "version": "1.0.0",
      "license": "MIT"
    },
    "node_modules/light-my-request": {
      "version": "5.14.0",
      "license": "BSD-3-Clause",
      "dependencies": {
        "cookie": "^0.7.0",
        "process-warning": "^3.0.0",
        "set-cookie-parser": "^2.4.1"
      }
    },
    "node_modules/lodash": {
      "version": "4.18.1",
      "license": "MIT"
    },
    "node_modules/luxon": {
      "version": "3.7.2",
      "license": "MIT",
      "engines": {
        "node": ">=12"
      }
    },
    "node_modules/math-intrinsics": {
      "version": "1.1.0",
      "license": "MIT",
      "engines": {
        "node": ">= 0.4"
      }
    },
    "node_modules/mime-db": {
      "version": "1.52.0",
      "license": "MIT",
      "engines": {
        "node": ">= 0.6"
      }
    },
    "node_modules/mime-types": {
      "version": "2.1.35",
      "license": "MIT",
      "dependencies": {
        "mime-db": "1.52.0"
      },
      "engines": {
        "node": ">= 0.6"
      }
    },
    "node_modules/minio": {
      "version": "7.1.3",
      "license": "Apache-2.0",
      "dependencies": {
        "async": "^3.2.4",
        "block-stream2": "^2.1.0",
        "browser-or-node": "^2.1.1",
        "buffer-crc32": "^0.2.13",
        "fast-xml-parser": "^4.2.2",
        "ipaddr.js": "^2.0.1",
        "json-stream": "^1.0.0",
        "lodash": "^4.17.21",
        "mime-types": "^2.1.35",
        "query-string": "^7.1.3",
        "through2": "^4.0.2",
        "web-encoding": "^1.1.5",
        "xml": "^1.0.1",
        "xml2js": "^0.5.0"
      },
      "engines": {
        "node": "^16 || ^18 || >=20"
      }
    },
    "node_modules/mnemonist": {
      "version": "0.39.6",
      "license": "MIT",
      "dependencies": {
        "obliterator": "^2.0.1"
      }
    },
    "node_modules/ms": {
      "version": "2.1.3",
      "license": "MIT"
    },
    "node_modules/msgpackr": {
      "version": "2.0.5",
      "license": "MIT",
      "optionalDependencies": {
        "msgpackr-extract": "^3.0.4"
      }
    },
    "node_modules/msgpackr-extract": {
      "version": "3.0.4",
      "hasInstallScript": true,
      "license": "MIT",
      "optional": true,
      "dependencies": {
        "node-gyp-build-optional-packages": "5.2.2"
      },
      "bin": {
        "download-msgpackr-prebuilds": "bin/download-prebuilds.js"
      },
      "optionalDependencies": {
        "@msgpackr-extract/msgpackr-extract-darwin-arm64": "3.0.4",
        "@msgpackr-extract/msgpackr-extract-darwin-x64": "3.0.4",
        "@msgpackr-extract/msgpackr-extract-linux-arm": "3.0.4",
        "@msgpackr-extract/msgpackr-extract-linux-arm64": "3.0.4",
        "@msgpackr-extract/msgpackr-extract-linux-x64": "3.0.4",
        "@msgpackr-extract/msgpackr-extract-win32-x64": "3.0.4"
      }
    },
    "node_modules/node-abort-controller": {
      "version": "3.1.1",
      "license": "MIT"
    },
    "node_modules/node-gyp-build-optional-packages": {
      "version": "5.2.2",
      "license": "MIT",
      "optional": true,
      "dependencies": {
        "detect-libc": "^2.0.1"
      },
      "bin": {
        "node-gyp-build-optional-packages": "bin.js",
        "node-gyp-build-optional-packages-optional": "optional.js",
        "node-gyp-build-optional-packages-test": "build-test.js"
      }
    },
    "node_modules/obliterator": {
      "version": "2.0.5",
      "license": "MIT"
    },
    "node_modules/on-exit-leak-free": {
      "version": "2.1.2",
      "license": "MIT",
      "engines": {
        "node": ">=14.0.0"
      }
    },
    "node_modules/pg": {
      "version": "8.23.0",
      "license": "MIT",
      "dependencies": {
        "pg-connection-string": "^2.14.0",
        "pg-pool": "^3.14.0",
        "pg-protocol": "^1.16.0",
        "pg-types": "2.2.0",
        "pgpass": "1.0.5"
      },
      "engines": {
        "node": ">= 16.0.0"
      },
      "optionalDependencies": {
        "pg-cloudflare": "^1.4.0"
      },
      "peerDependencies": {
        "pg-native": ">=3.0.1"
      },
      "peerDependenciesMeta": {
        "pg-native": {
          "optional": true
        }
      }
    },
    "node_modules/pg-cloudflare": {
      "version": "1.4.0",
      "license": "MIT",
      "optional": true
    },
    "node_modules/pg-connection-string": {
      "version": "2.14.0",
      "license": "MIT"
    },
    "node_modules/pg-int8": {
      "version": "1.0.1",
      "license": "ISC",
      "engines": {
        "node": ">=4.0.0"
      }
    },
    "node_modules/pg-pool": {
      "version": "3.14.0",
      "license": "MIT",
      "peerDependencies": {
        "pg": ">=8.0"
      }
    },
    "node_modules/pg-protocol": {
      "version": "1.16.0",
      "license": "MIT"
    },
    "node_modules/pg-types": {
      "version": "2.2.0",
      "license": "MIT",
      "dependencies": {
        "pg-int8": "1.0.1",
        "postgres-array": "~2.0.0",
        "postgres-bytea": "~1.0.0",
        "postgres-date": "~1.0.4",
        "postgres-interval": "^1.1.0"
      },
      "engines": {
        "node": ">=4"
      }
    },
    "node_modules/pgpass": {
      "version": "1.0.5",
      "license": "MIT",
      "dependencies": {
        "split2": "^4.1.0"
      }
    },
    "node_modules/pino": {
      "version": "9.14.0",
      "license": "MIT",
      "dependencies": {
        "@pinojs/redact": "^0.4.0",
        "atomic-sleep": "^1.0.0",
        "on-exit-leak-free": "^2.1.0",
        "pino-abstract-transport": "^2.0.0",
        "pino-std-serializers": "^7.0.0",
        "process-warning": "^5.0.0",
        "quick-format-unescaped": "^4.0.3",
        "real-require": "^0.2.0",
        "safe-stable-stringify": "^2.3.1",
        "sonic-boom": "^4.0.1",
        "thread-stream": "^3.0.0"
      },
      "bin": {
        "pino": "bin.js"
      }
    },
    "node_modules/pino-abstract-transport": {
      "version": "2.0.0",
      "license": "MIT",
      "dependencies": {
        "split2": "^4.0.0"
      }
    },
    "node_modules/pino-std-serializers": {
      "version": "7.1.0",
      "license": "MIT"
    },
    "node_modules/pino/node_modules/process-warning": {
      "version": "5.1.0",
      "funding": [
        {
          "type": "github",
          "url": "https://github.com/sponsors/fastify"
        },
        {
          "type": "opencollective",
          "url": "https://opencollective.com/fastify"
        }
      ],
      "license": "MIT"
    },
    "node_modules/possible-typed-array-names": {
      "version": "1.1.0",
      "license": "MIT",
      "engines": {
        "node": ">= 0.4"
      }
    },
    "node_modules/postgres-array": {
      "version": "2.0.0",
      "license": "MIT",
      "engines": {
        "node": ">=4"
      }
    },
    "node_modules/postgres-bytea": {
      "version": "1.0.1",
      "license": "MIT",
      "engines": {
        "node": ">=0.10.0"
      }
    },
    "node_modules/postgres-date": {
      "version": "1.0.7",
      "license": "MIT",
      "engines": {
        "node": ">=0.10.0"
      }
    },
    "node_modules/postgres-interval": {
      "version": "1.2.0",
      "license": "MIT",
      "dependencies": {
        "xtend": "^4.0.0"
      },
      "engines": {
        "node": ">=0.10.0"
      }
    },
    "node_modules/process-warning": {
      "version": "3.0.0",
      "license": "MIT"
    },
    "node_modules/proxy-addr": {
      "version": "2.0.7",
      "license": "MIT",
      "dependencies": {
        "forwarded": "0.2.0",
        "ipaddr.js": "1.9.1"
      },
      "engines": {
        "node": ">= 0.10"
      }
    },
    "node_modules/proxy-addr/node_modules/ipaddr.js": {
      "version": "1.9.1",
      "license": "MIT",
      "engines": {
        "node": ">= 0.10"
      }
    },
    "node_modules/query-string": {
      "version": "7.1.3",
      "license": "MIT",
      "dependencies": {
        "decode-uri-component": "^0.2.2",
        "filter-obj": "^1.1.0",
        "split-on-first": "^1.0.0",
        "strict-uri-encode": "^2.0.0"
      },
      "engines": {
        "node": ">=6"
      },
      "funding": {
        "url": "https://github.com/sponsors/sindresorhus"
      }
    },
    "node_modules/quick-format-unescaped": {
      "version": "4.0.4",
      "license": "MIT"
    },
    "node_modules/readable-stream": {
      "version": "3.6.2",
      "license": "MIT",
      "dependencies": {
        "inherits": "^2.0.3",
        "string_decoder": "^1.1.1",
        "util-deprecate": "^1.0.1"
      },
      "engines": {
        "node": ">= 6"
      }
    },
    "node_modules/real-require": {
      "version": "0.2.0",
      "license": "MIT",
      "engines": {
        "node": ">= 12.13.0"
      }
    },
    "node_modules/redis-errors": {
      "version": "1.2.0",
      "license": "MIT",
      "engines": {
        "node": ">=4"
      }
    },
    "node_modules/redis-parser": {
      "version": "3.0.0",
      "license": "MIT",
      "dependencies": {
        "redis-errors": "^1.0.0"
      },
      "engines": {
        "node": ">=4"
      }
    },
    "node_modules/require-from-string": {
      "version": "2.0.2",
      "license": "MIT",
      "engines": {
        "node": ">=0.10.0"
      }
    },
    "node_modules/ret": {
      "version": "0.4.3",
      "license": "MIT",
      "engines": {
        "node": ">=10"
      }
    },
    "node_modules/reusify": {
      "version": "1.1.0",
      "license": "MIT",
      "engines": {
        "iojs": ">=1.0.0",
        "node": ">=0.10.0"
      }
    },
    "node_modules/rfdc": {
      "version": "1.4.1",
      "license": "MIT"
    },
    "node_modules/safe-buffer": {
      "version": "5.2.1",
      "funding": [
        {
          "type": "github",
          "url": "https://github.com/sponsors/feross"
        },
        {
          "type": "patreon",
          "url": "https://www.patreon.com/feross"
        },
        {
          "type": "consulting",
          "url": "https://feross.org/support"
        }
      ],
      "license": "MIT"
    },
    "node_modules/safe-regex-test": {
      "version": "1.1.0",
      "license": "MIT",
      "dependencies": {
        "call-bound": "^1.0.2",
        "es-errors": "^1.3.0",
        "is-regex": "^1.2.1"
      },
      "engines": {
        "node": ">= 0.4"
      },
      "funding": {
        "url": "https://github.com/sponsors/ljharb"
      }
    },
    "node_modules/safe-regex2": {
      "version": "3.1.0",
      "license": "MIT",
      "dependencies": {
        "ret": "~0.4.0"
      }
    },
    "node_modules/safe-stable-stringify": {
      "version": "2.5.0",
      "license": "MIT",
      "engines": {
        "node": ">=10"
      }
    },
    "node_modules/sax": {
      "version": "1.6.1",
      "license": "BlueOak-1.0.0",
      "engines": {
        "node": ">=11.0.0"
      }
    },
    "node_modules/secure-json-parse": {
      "version": "2.7.0",
      "license": "BSD-3-Clause"
    },
    "node_modules/semver": {
      "version": "7.8.5",
      "license": "ISC",
      "bin": {
        "semver": "bin/semver.js"
      },
      "engines": {
        "node": ">=10"
      }
    },
    "node_modules/set-cookie-parser": {
      "version": "2.7.2",
      "license": "MIT"
    },
    "node_modules/set-function-length": {
      "version": "1.2.2",
      "license": "MIT",
      "dependencies": {
        "define-data-property": "^1.1.4",
        "es-errors": "^1.3.0",
        "function-bind": "^1.1.2",
        "get-intrinsic": "^1.2.4",
        "gopd": "^1.0.1",
        "has-property-descriptors": "^1.0.2"
      },
      "engines": {
        "node": ">= 0.4"
      }
    },
    "node_modules/sonic-boom": {
      "version": "4.2.1",
      "license": "MIT",
      "dependencies": {
        "atomic-sleep": "^1.0.0"
      }
    },
    "node_modules/split-on-first": {
      "version": "1.1.0",
      "license": "MIT",
      "engines": {
        "node": ">=6"
      }
    },
    "node_modules/split2": {
      "version": "4.2.0",
      "license": "ISC",
      "engines": {
        "node": ">= 10.x"
      }
    },
    "node_modules/standard-as-callback": {
      "version": "2.1.0",
      "license": "MIT"
    },
    "node_modules/stream-wormhole": {
      "version": "1.1.0",
      "license": "MIT",
      "engines": {
        "node": ">=4.0.0"
      }
    },
    "node_modules/strict-uri-encode": {
      "version": "2.0.0",
      "license": "MIT",
      "engines": {
        "node": ">=4"
      }
    },
    "node_modules/string_decoder": {
      "version": "1.3.0",
      "license": "MIT",
      "dependencies": {
        "safe-buffer": "~5.2.0"
      }
    },
    "node_modules/strnum": {
      "version": "1.1.2",
      "funding": [
        {
          "type": "github",
          "url": "https://github.com/sponsors/NaturalIntelligence"
        }
      ],
      "license": "MIT"
    },
    "node_modules/thread-stream": {
      "version": "3.2.0",
      "license": "MIT",
      "dependencies": {
        "real-require": "^0.2.0"
      }
    },
    "node_modules/through2": {
      "version": "4.0.2",
      "license": "MIT",
      "dependencies": {
        "readable-stream": "3"
      }
    },
    "node_modules/toad-cache": {
      "version": "3.7.4",
      "license": "MIT",
      "engines": {
        "node": ">=20"
      }
    },
    "node_modules/tslib": {
      "version": "2.8.1",
      "license": "0BSD"
    },
    "node_modules/util": {
      "version": "0.12.5",
      "license": "MIT",
      "dependencies": {
        "inherits": "^2.0.3",
        "is-arguments": "^1.0.4",
        "is-generator-function": "^1.0.7",
        "is-typed-array": "^1.1.3",
        "which-typed-array": "^1.1.2"
      }
    },
    "node_modules/util-deprecate": {
      "version": "1.0.2",
      "license": "MIT"
    },
    "node_modules/web-encoding": {
      "version": "1.1.5",
      "license": "MIT",
      "dependencies": {
        "util": "^0.12.3"
      },
      "optionalDependencies": {
        "@zxing/text-encoding": "0.9.0"
      }
    },
    "node_modules/which-typed-array": {
      "version": "1.1.22",
      "license": "MIT",
      "dependencies": {
        "available-typed-arrays": "^1.0.7",
        "call-bind": "^1.0.9",
        "call-bound": "^1.0.4",
        "for-each": "^0.3.5",
        "get-proto": "^1.0.1",
        "gopd": "^1.2.0",
        "has-tostringtag": "^1.0.2"
      },
      "engines": {
        "node": ">= 0.4"
      },
      "funding": {
        "url": "https://github.com/sponsors/ljharb"
      }
    },
    "node_modules/xml": {
      "version": "1.0.1",
      "license": "MIT"
    },
    "node_modules/xml2js": {
      "version": "0.5.0",
      "license": "MIT",
      "dependencies": {
        "sax": ">=0.6.0",
        "xmlbuilder": "~11.0.0"
      },
      "engines": {
        "node": ">=4.0.0"
      }
    },
    "node_modules/xmlbuilder": {
      "version": "11.0.1",
      "license": "MIT",
      "engines": {
        "node": ">=4.0"
      }
    },
    "node_modules/xtend": {
      "version": "4.0.2",
      "license": "MIT",
      "engines": {
        "node": ">=0.4"
      }
    }
  }
}
